// !$*UTF8*$!
{
	archiveVersion = 1;
	classes = {
	};
	objectVersion = 52;
	objects = {

/* Begin PBXBuildFile section */
		3AECB2E82624A3370034DE21 /* AppDelegate.swift in Sources */ = {isa = PBXBuildFile; fileRef = 3AECB2E72624A3370034DE21 /* AppDelegate.swift */; };
		3AECB2EA2624A3370034DE21 /* SceneDelegate.swift in Sources */ = {isa = PBXBuildFile; fileRef = 3AECB2E92624A3370034DE21 /* SceneDelegate.swift */; };
		3AECB2EE2624A3390034DE21 /* Assets.xcassets in Resources */ = {isa = PBXBuildFile; fileRef = 3AECB2ED2624A3390034DE21 /* Assets.xcassets */; };
		3AECB2F12624A3390034DE21 /* Preview Assets.xcassets in Resources */ = {isa = PBXBuildFile; fileRef = 3AECB2F02624A3390034DE21 /* Preview Assets.xcassets */; };
		3AECB2F42624A3390034DE21 /* LaunchScreen.storyboard in Resources */ = {isa = PBXBuildFile; fileRef = 3AECB2F22624A3390034DE21 /* LaunchScreen.storyboard */; };
		3AECB2FE2624A40E0034DE21 /* MainViewController.swift in Sources */ = {isa = PBXBuildFile; fileRef = 3AECB2FD2624A40E0034DE21 /* MainViewController.swift */; };
		3AECB3022624A95E0034DE21 /* SnapKit in Frameworks */ = {isa = PBXBuildFile; productRef = 3AECB3012624A95E0034DE21 /* SnapKit */; };
		3AECB3052624B61B0034DE21 /* ReminderTypeCell.swift in Sources */ = {isa = PBXBuildFile; fileRef = 3AECB3042624B61B0034DE21 /* ReminderTypeCell.swift */; };
/* End PBXBuildFile section */

/* Begin PBXFileReference section */
		3AECB2E42624A3370034DE21 /* UIReminderWithNoStoryboard.app */ = {isa = PBXFileReference; explicitFileType = wrapper.application; includeInIndex = 0; path = UIReminderWithNoStoryboard.app; sourceTree = BUILT_PRODUCTS_DIR; };
		3AECB2E72624A3370034DE21 /* AppDelegate.swift */ = {isa = PBXFileReference; lastKnownFileType = sourcecode.swift; path = AppDelegate.swift; sourceTree = "<group>"; };
		3AECB2E92624A3370034DE21 /* SceneDelegate.swift */ = {isa = PBXFileReference; lastKnownFileType = sourcecode.swift; path = SceneDelegate.swift; sourceTree = "<group>"; };
		3AECB2ED2624A3390034DE21 /* Assets.xcassets */ = {isa = PBXFileReference; lastKnownFileType = folder.assetcatalog; path = Assets.xcassets; sourceTree = "<group>"; };
		3AECB2F02624A3390034DE21 /* Preview Assets.xcassets */ = {isa = PBXFileReference; lastKnownFileType = folder.assetcatalog; path = "Preview Assets.xcassets"; sourceTree = "<group>"; };
		3AECB2F32624A3390034DE21 /* Base */ = {isa = PBXFileReference; lastKnownFileType = file.storyboard; name = Base; path = Base.lproj/LaunchScreen.storyboard; sourceTree = "<group>"; };
		3AECB2F52624A3390034DE21 /* Info.plist */ = {isa = PBXFileReference; lastKnownFileType = text.plist.xml; path = Info.plist; sourceTree = "<group>"; };
		3AECB2FD2624A40E0034DE21 /* MainViewController.swift */ = {isa = PBXFileReference; lastKnownFileType = sourcecode.swift; path = MainViewController.swift; sourceTree = "<group>"; };
		3AECB3042624B61B0034DE21 /* ReminderTypeCell.swift */ = {isa = PBXFileReference; lastKnownFileType = sourcecode.swift; path = ReminderTypeCell.swift; sourceTree = "<group>"; };
/* End PBXFileReference section */

/* Begin PBXFrameworksBuildPhase section */
		3AECB2E12624A3370034DE21 /* Frameworks */ = {
			isa = PBXFrameworksBuildPhase;
			buildActionMask = 2147483647;
			files = (
				3AECB3022624A95E0034DE21 /* SnapKit in Frameworks */,
			);
			runOnlyForDeploymentPostprocessing = 0;
		};
/* End PBXFrameworksBuildPhase section */

/* Begin PBXGroup section */
		3AECB2DB2624A3370034DE21 = {
			isa = PBXGroup;
			children = (
				3AECB2E62624A3370034DE21 /* UIReminderWithNoStoryboard */,
				3AECB2E52624A3370034DE21 /* Products */,
			);
			sourceTree = "<group>";
		};
		3AECB2E52624A3370034DE21 /* Products */ = {
			isa = PBXGroup;
			children = (
				3AECB2E42624A3370034DE21 /* UIReminderWithNoStoryboard.app */,
			);
			name = Products;
			sourceTree = "<group>";
		};
		3AECB2E62624A3370034DE21 /* UIReminderWithNoStoryboard */ = {
			isa = PBXGroup;
			children = (
				3AECB2E72624A3370034DE21 /* AppDelegate.swift */,
				3AECB2E92624A3370034DE21 /* SceneDelegate.swift */,
				3AECB2FD2624A40E0034DE21 /* MainViewController.swift */,
				3AECB3042624B61B0034DE21 /* ReminderTypeCell.swift */,
				3AECB2ED2624A3390034DE21 /* Assets.xcassets */,
				3AECB2F22624A3390034DE21 /* LaunchScreen.storyboard */,
				3AECB2F52624A3390034DE21 /* Info.plist */,
				3AECB2EF2624A3390034DE21 /* Preview Content */,
			);
			path = UIReminderWithNoStoryboard;
			sourceTree = "<group>";
		};
		3AECB2EF2624A3390034DE21 /* Preview Content */ = {
			isa = PBXGroup;
			children = (
				3AECB2F02624A3390034DE21 /* Preview Assets.xcassets */,
			);
			path = "Preview Content";
			sourceTree = "<group>";
		};
/* End PBXGroup section */

/* Begin PBXNativeTarget section */
		3AECB2E32624A3370034DE21 /* UIReminderWithNoStoryboard */ = {
			isa = PBXNativeTarget;
			buildConfigurationList = 3AECB2F82624A3390034DE21 /* Build configuration list for PBXNativeTarget "UIReminderWithNoStoryboard" */;
			buildPhases = (
				3AECB2E02624A3370034DE21 /* Sources */,
				3AECB2E12624A3370034DE21 /* Frameworks */,
				3AECB2E22624A3370034DE21 /* Resources */,
			);
			buildRules = (
			);
			dependencies = (
			);
			name = UIReminderWithNoStoryboard;
			packageProductDependencies = (
				3AECB3012624A95E0034DE21 /* SnapKit */,
			);
			productName = UIReminderWithNoStoryboard;
			productReference = 3AECB2E42624A3370034DE21 /* UIReminderWithNoStoryboard.app */;
			productType = "com.apple.product-type.application";
		};
/* End PBXNativeTarget section */

/* Begin PBXProject section */
		3AECB2DC2624A3370034DE21 /* Project object */ = {
			isa = PBXProject;
			attributes = {
				LastSwiftUpdateCheck = 1240;
				LastUpgradeCheck = 1240;
				TargetAttributes = {
					3AECB2E32624A3370034DE21 = {
						CreatedOnToolsVersion = 12.4;
					};
				};
			};
			buildConfigurationList = 3AECB2DF2624A3370034DE21 /* Build configuration list for PBXProject "UIReminderWithNoStoryboard" */;
			compatibilityVersion = "Xcode 9.3";
			developmentRegion = en;
			hasScannedForEncodings = 0;
			knownRegions = (
				en,
				Base,
			);
			mainGroup = 3AECB2DB2624A3370034DE21;
			packageReferences = (
				3AECB3002624A95E0034DE21 /* XCRemoteSwiftPackageReference "SnapKit" */,
			);
			productRefGroup = 3AECB2E52624A3370034DE21 /* Products */;
			projectDirPath = "";
			projectRoot = "";
			targets = (
				3AECB2E32624A3370034DE21 /* UIReminderWithNoStoryboard */,
			);
		};
/* End PBXProject section */

/* Begin PBXResourcesBuildPhase section */
		3AECB2E22624A3370034DE21 /* Resources */ = {
			isa = PBXResourcesBuildPhase;
			buildActionMask = 2147483647;
			files = (
				3AECB2F42624A3390034DE21 /* LaunchScreen.storyboard in Resources */,
				3AECB2F12624A3390034DE21 /* Preview Assets.xcassets in Resources */,
				3AECB2EE2624A3390034DE21 /* Assets.xcassets in Resources */,
			);
			runOnlyForDeploymentPostprocessing = 0;
		};
/* End PBXResourcesBuildPhase section */

/* Begin PBXSourcesBuildPhase section */
		3AECB2E02624A3370034DE21 /* Sources */ = {
			isa = PBXSourcesBuildPhase;
			buildActionMask = 2147483647;
			files = (
				3AECB2FE2624A40E0034DE21 /* MainViewController.swift in Sources */,
				3AECB3052624B61B0034DE21 /* ReminderTypeCell.swift in Sources */,
				3AECB2E82624A3370034DE21 /* AppDelegate.swift in Sources */,
				3AECB2EA2624A3370034DE21 /* SceneDelegate.swift in Sources */,
			);
			runOnlyForDeploymentPostprocessing = 0;
		};
/* End PBXSourcesBuildPhase section */

/* Begin PBXVariantGroup section */
		3AECB2F22624A3390034DE21 /* LaunchScreen.storyboard */ = {
			isa = PBXVariantGroup;
			children = (
				3AECB2F32624A3390034DE21 /* Base */,
			);
			name = LaunchScreen.storyboard;
			sourceTree = "<group>";
		};
/* End PBXVariantGroup section */

/* Begin XCBuildConfiguration section */
		3AECB2F62624A3390034DE21 /* Debug */ = {
			isa = XCBuildConfiguration;
			buildSettings = {
				ALWAYS_SEARCH_USER_PATHS = NO;
				CLANG_ANALYZER_NONNULL = YES;
				CLANG_ANALYZER_NUMBER_OBJECT_CONVERSION = YES_AGGRESSIVE;
				CLANG_CXX_LANGUAGE_STANDARD = "gnu++14";
				CLANG_CXX_LIBRARY = "libc++";
				CLANG_ENABLE_MODULES = YES;
				CLANG_ENABLE_OBJC_ARC = YES;
				CLANG_ENABLE_OBJC_WEAK = YES;
				CLANG_WARN_BLOCK_CAPTURE_AUTORELEASING = YES;
				CLANG_WARN_BOOL_CONVERSION = YES;
				CLANG_WARN_COMMA = YES;
				CLANG_WARN_CONSTANT_CONVERSION = YES;
				CLANG_WARN_DEPRECATED_OBJC_IMPLEMENTATIONS = YES;
				CLANG_WARN_DIRECT_OBJC_ISA_USAGE = YES_ERROR;
				CLANG_WARN_DOCUMENTATION_COMMENTS = YES;
				CLANG_WARN_EMPTY_BODY = YES;
				CLANG_WARN_ENUM_CONVERSION = YES;
				CLANG_WARN_INFINITE_RECURSION = YES;
				CLANG_WARN_INT_CONVERSION = YES;
				CLANG_WARN_NON_LITERAL_NULL_CONVERSION = YES;
				CLANG_WARN_OBJC_IMPLICIT_RETAIN_SELF = YES;
				CLANG_WARN_OBJC_LITERAL_CONVERSION = YES;
				CLANG_WARN_OBJC_ROOT_CLASS = YES_ERROR;
				CLANG_WARN_QUOTED_INCLUDE_IN_FRAMEWORK_HEADER = YES;
				CLANG_WARN_RANGE_LOOP_ANALYSIS = YES;
				CLANG_WARN_STRICT_PROTOTYPES = YES;
				CLANG_WARN_SUSPICIOUS_MOVE = YES;
				CLANG_WARN_UNGUARDED_AVAILABILITY = YES_AGGRESSIVE;
				CLANG_WARN_UNREACHABLE_CODE = YES;
				CLANG_WARN__DUPLICATE_METHOD_MATCH = YES;
				COPY_PHASE_STRIP = NO;
				DEBUG_INFORMATION_FORMAT = dwarf;
				ENABLE_STRICT_OBJC_MSGSEND = YES;
				ENABLE_TESTABILITY = YES;
				GCC_C_LANGUAGE_STANDARD = gnu11;
				GCC_DYNAMIC_NO_PIC = NO;
				GCC_NO_COMMON_BLOCKS = YES;
				GCC_OPTIMIZATION_LEVEL = 0;
				GCC_PREPROCESSOR_DEFINITIONS = (
					"DEBUG=1",
					"$(inherited)",
				);
				GCC_WARN_64_TO_32_BIT_CONVERSION = YES;
				GCC_WARN_ABOUT_RETURN_TYPE = YES_ERROR;
				GCC_WARN_UNDECLARED_SELECTOR = YES;
				GCC_WARN_UNINITIALIZED_AUTOS = YES_AGGRESSIVE;
				GCC_WARN_UNUSED_FUNCTION = YES;
				GCC_WARN_UNUSED_VARIABLE = YES;
				IPHONEOS_DEPLOYMENT_TARGET = 14.4;
				MTL_ENABLE_DEBUG_INFO = INCLUDE_SOURCE;
				MTL_FAST_MATH = YES;
				ONLY_ACTIVE_ARCH = YES;
				SDKROOT = iphoneos;
				SWIFT_ACTIVE_COMPILATION_CONDITIONS = DEBUG;
				SWIFT_OPTIMIZATION_LEVEL = "-Onone";
			};
			name = Debug;
		};
		3AECB2F72624A3390034DE21 /* Release */ = {
			isa = XCBuildConfiguration;
			buildSettings = {
				ALWAYS_SEARCH_USER_PATHS = NO;
				CLANG_ANALYZER_NONNULL = YES;
				CLANG_ANALYZER_NUMBER_OBJECT_CONVERSION = YES_AGGRESSIVE;
				CLANG_CXX_LANGUAGE_STANDARD = "gnu++14";
				CLANG_CXX_LIBRARY = "libc++";
				CLANG_ENABLE_MODULES = YES;
				CLANG_ENABLE_OBJC_ARC = YES;
				CLANG_ENABLE_OBJC_WEAK = YES;
				CLANG_WARN_BLOCK_CAPTURE_AUTORELEASING = YES;
				CLANG_WARN_BOOL_CONVERSION = YES;
				CLANG_WARN_COMMA = YES;
				CLANG_WARN_CONSTANT_CONVERSION = YES;
				CLANG_WARN_DEPRECATED_OBJC_IMPLEMENTATIONS = YES;
				CLANG_WARN_DIRECT_OBJC_ISA_USAGE = YES_ERROR;
				CLANG_WARN_DOCUMENTATION_COMMENTS = YES;
				CLANG_WARN_EMPTY_BODY = YES;
				CLANG_WARN_ENUM_CONVERSION = YES;
				CLANG_WARN_INFINITE_RECURSION = YES;
				CLANG_WARN_INT_CONVERSION = YES;
				CLANG_WARN_NON_LITERAL_NULL_CONVERSION = YES;
				CLANG_WARN_OBJC_IMPLICIT_RETAIN_SELF = YES;
				CLANG_WARN_OBJC_LITERAL_CONVERSION = YES;
				CLANG_WARN_OBJC_ROOT_CLASS = YES_ERROR;
				CLANG_WARN_QUOTED_INCLUDE_IN_FRAMEWORK_HEADER = YES;
				CLANG_WARN_RANGE_LOOP_ANALYSIS = YES;
				CLANG_WARN_STRICT_PROTOTYPES = YES;
				CLANG_WARN_SUSPICIOUS_MOVE = YES;
				CLANG_WARN_UNGUARDED_AVAILABILITY = YES_AGGRESSIVE;
				CLANG_WARN_UNREACHABLE_CODE = YES;
				CLANG_WARN__DUPLICATE_METHOD_MATCH = YES;
				COPY_PHASE_STRIP = NO;
				DEBUG_INFORMATION_FORMAT = "dwarf-with-dsym";
				ENABLE_NS_ASSERTIONS = NO;
				ENABLE_STRICT_OBJC_MSGSEND = YES;
				GCC_C_LANGUAGE_STANDARD = gnu11;
				GCC_NO_COMMON_BLOCKS = YES;
				GCC_WARN_64_TO_32_BIT_CONVERSION = YES;
				GCC_WARN_ABOUT_RETURN_TYPE = YES_ERROR;
				GCC_WARN_UNDECLARED_SELECTOR = YES;
				GCC_WARN_UNINITIALIZED_AUTOS = YES_AGGRESSIVE;
				GCC_WARN_UNUSED_FUNCTION = YES;
				GCC_WARN_UNUSED_VARIABLE = YES;
				IPHONEOS_DEPLOYMENT_TARGET = 14.4;
				MTL_ENABLE_DEBUG_INFO = NO;
				MTL_FAST_MATH = YES;
				SDKROOT = iphoneos;
				SWIFT_COMPILATION_MODE = wholemodule;
				SWIFT_OPTIMIZATION_LEVEL = "-O";
				VALIDATE_PRODUCT = YES;
			};
			name = Release;
		};
		3AECB2F92624A3390034DE21 /* Debug */ = {
			isa = XCBuildConfiguration;
			buildSettings = {
				ASSETCATALOG_COMPILER_APPICON_NAME = AppIcon;
				ASSETCATALOG_COMPILER_GLOBAL_ACCENT_COLOR_NAME = AccentColor;
				CODE_SIGN_STYLE = Automatic;
				DEVELOPMENT_ASSET_PATHS = "\"UIReminderWithNoStoryboard/Preview Content\"";
				DEVELOPMENT_TEAM = 8J73Q43L2S;
				ENABLE_PREVIEWS = YES;
				INFOPLIST_FILE = UIReminderWithNoStoryboard/Info.plist;
				LD_RUNPATH_SEARCH_PATHS = (
					"$(inherited)",
					"@executable_path/Frameworks",
				);
				PRODUCT_BUNDLE_IDENTIFIER = lt.1011.UIReminderWithNoStoryboard;
				PRODUCT_NAME = "$(TARGET_NAME)";
				SWIFT_VERSION = 5.0;
				TARGETED_DEVICE_FAMILY = "1,2";
			};
			name = Debug;
		};
		3AECB2FA2624A3390034DE21 /* Release */ = {
			isa = XCBuildConfiguration;
			buildSettings = {
				ASSETCATALOG_COMPILER_APPICON_NAME = AppIcon;
				ASSETCATALOG_COMPILER_GLOBAL_ACCENT_COLOR_NAME = AccentColor;
				CODE_SIGN_STYLE = Automatic;
				DEVELOPMENT_ASSET_PATHS = "\"UIReminderWithNoStoryboard/Preview Content\"";
				DEVELOPMENT_TEAM = 8J73Q43L2S;
				ENABLE_PREVIEWS = YES;
				INFOPLIST_FILE = UIReminderWithNoStoryboard/Info.plist;
				LD_RUNPATH_SEARCH_PATHS = (
					"$(inherited)",
					"@executable_path/Frameworks",
				);
				PRODUCT_BUNDLE_IDENTIFIER = lt.1011.UIReminderWithNoStoryboard;
				PRODUCT_NAME = "$(TARGET_NAME)";
				SWIFT_VERSION = 5.0;
				TARGETED_DEVICE_FAMILY = "1,2";
			};
			name = Release;
		};
/* End XCBuildConfiguration section */

/* Begin XCConfigurationList section */
		3AECB2DF2624A3370034DE21 /* Build configuration list for PBXProject "UIReminderWithNoStoryboard" */ = {
			isa = XCConfigurationList;
			buildConfigurations = (
				3AECB2F62624A3390034DE21 /* Debug */,
				3AECB2F72624A3390034DE21 /* Release */,
			);
			defaultConfigurationIsVisible = 0;
			defaultConfigurationName = Release;
		};
		3AECB2F82624A3390034DE21 /* Build configuration list for PBXNativeTarget "UIReminderWithNoStoryboard" */ = {
			isa = XCConfigurationList;
			buildConfigurations = (
				3AECB2F92624A3390034DE21 /* Debug */,
				3AECB2FA2624A3390034DE21 /* Release */,
			);
			defaultConfigurationIsVisible = 0;
			defaultConfigurationName = Release;
		};
/* End XCConfigurationList section */

/* Begin XCRemoteSwiftPackageReference section */
		3AECB3002624A95E0034DE21 /* XCRemoteSwiftPackageReference "SnapKit" */ = {
			isa = XCRemoteSwiftPackageReference;
			repositoryURL = "https://github.com/SnapKit/SnapKit.git";
			requirement = {
				kind = upToNextMajorVersion;
				minimumVersion = 5.0.1;
			};
		};
/* End XCRemoteSwiftPackageReference section */

/* Begin XCSwiftPackageProductDependency section */
		3AECB3012624A95E0034DE21 /* SnapKit */ = {
			isa = XCSwiftPackageProductDependency;
			package = 3AECB3002624A95E0034DE21 /* XCRemoteSwiftPackageReference "SnapKit" */;
			productName = SnapKit;
		};
/* End XCSwiftPackageProductDependency section */
	};
	rootObject = 3AECB2DC2624A3370034DE21 /* Project object */;
}
